// !$*UTF8*$!
{
	archiveVersion = 1;
	classes = {
	};
	objectVersion = 46;
	objects = {

/* Begin PBXBuildFile section */
		4A785F261BDC1A1B00ACA2F1 /* AppDelegate.swift in Sources */ = {isa = PBXBuildFile; fileRef = 4A785F251BDC1A1B00ACA2F1 /* AppDelegate.swift */; };
		4A785F281BDC1A1B00ACA2F1 /* ViewController.swift in Sources */ = {isa = PBXBuildFile; fileRef = 4A785F271BDC1A1B00ACA2F1 /* ViewController.swift */; };
		4A785F2B1BDC1A1B00ACA2F1 /* Main.storyboard in Resources */ = {isa = PBXBuildFile; fileRef = 4A785F291BDC1A1B00ACA2F1 /* Main.storyboard */; };
		4A785F2D1BDC1A1B00ACA2F1 /* Assets.xcassets in Resources */ = {isa = PBXBuildFile; fileRef = 4A785F2C1BDC1A1B00ACA2F1 /* Assets.xcassets */; };
		4A785F301BDC1A1B00ACA2F1 /* LaunchScreen.storyboard in Resources */ = {isa = PBXBuildFile; fileRef = 4A785F2E1BDC1A1B00ACA2F1 /* LaunchScreen.storyboard */; };
		4A785F3A1BDC1A1B00ACA2F1 /* Green_button.png in Resources */ = {isa = PBXBuildFile; fileRef = 4A785F391BDC1A1B00ACA2F1 /* Green_button.png */; settings = {ASSET_TAGS = (); }; };
/* End PBXBuildFile section */

/* Begin PBXFileReference section */
		4A785F221BDC1A1B00ACA2F1 /* KhoaPham-Buoi9-LabelButtonHandling.app */ = {isa = PBXFileReference; explicitFileType = wrapper.application; includeInIndex = 0; path = "KhoaPham-Buoi9-LabelButtonHandling.app"; sourceTree = BUILT_PRODUCTS_DIR; };
		4A785F251BDC1A1B00ACA2F1 /* AppDelegate.swift */ = {isa = PBXFileReference; lastKnownFileType = sourcecode.swift; path = AppDelegate.swift; sourceTree = "<group>"; };
		4A785F271BDC1A1B00ACA2F1 /* ViewController.swift */ = {isa = PBXFileReference; lastKnownFileType = sourcecode.swift; path = ViewController.swift; sourceTree = "<group>"; };
		4A785F2A1BDC1A1B00ACA2F1 /* Base */ = {isa = PBXFileReference; lastKnownFileType = file.storyboard; name = Base; path = Base.lproj/Main.storyboard; sourceTree = "<group>"; };
		4A785F2C1BDC1A1B00ACA2F1 /* Assets.xcassets */ = {isa = PBXFileReference; lastKnownFileType = folder.assetcatalog; path = Assets.xcassets; sourceTree = "<group>"; };
		4A785F2F1BDC1A1B00ACA2F1 /* Base */ = {isa = PBXFileReference; lastKnownFileType = file.storyboard; name = Base; path = Base.lproj/LaunchScreen.storyboard; sourceTree = "<group>"; };
		4A785F311BDC1A1B00ACA2F1 /* Info.plist */ = {isa = PBXFileReference; lastKnownFileType = text.plist.xml; path = Info.plist; sourceTree = "<group>"; };
		4A785F391BDC1A1B00ACA2F1 /* Green_button.png */ = {isa = PBXFileReference; lastKnownFileType = image.png; path = Green_button.png; sourceTree = "<group>"; };
/* End PBXFileReference section */

/* Begin PBXFrameworksBuildPhase section */
		4A785F1F1BDC1A1B00ACA2F1 /* Frameworks */ = {
			isa = PBXFrameworksBuildPhase;
			buildActionMask = 2147483647;
			files = (
			);
			runOnlyForDeploymentPostprocessing = 0;
		};
/* End PBXFrameworksBuildPhase section */

/* Begin PBXGroup section */
		4A785F191BDC1A1B00ACA2F1 = {
			isa = PBXGroup;
			children = (
				4A785F241BDC1A1B00ACA2F1 /* KhoaPham-Buoi9-LabelButtonHandling */,
				4A785F231BDC1A1B00ACA2F1 /* Products */,
			);
			sourceTree = "<group>";
		};
		4A785F231BDC1A1B00ACA2F1 /* Products */ = {
			isa = PBXGroup;
			children = (
				4A785F221BDC1A1B00ACA2F1 /* KhoaPham-Buoi9-LabelButtonHandling.app */,
			);
			name = Products;
			sourceTree = "<group>";
		};
		4A785F241BDC1A1B00ACA2F1 /* KhoaPham-Buoi9-LabelButtonHandling */ = {
			isa = PBXGroup;
			children = (
				4A785F391BDC1A1B00ACA2F1 /* Green_button.png */,
				4A785F251BDC1A1B00ACA2F1 /* AppDelegate.swift */,
				4A785F271BDC1A1B00ACA2F1 /* ViewController.swift */,
				4A785F291BDC1A1B00ACA2F1 /* Main.storyboard */,
				4A785F2C1BDC1A1B00ACA2F1 /* Assets.xcassets */,
				4A785F2E1BDC1A1B00ACA2F1 /* LaunchScreen.storyboard */,
				4A785F311BDC1A1B00ACA2F1 /* Info.plist */,
			);
			name = "KhoaPham-Buoi9-LabelButtonHandling";
			path = "khoapham-buoi9-demolabel";
			sourceTree = "<group>";
		};
/* End PBXGroup section */

/* Begin PBXNativeTarget section */
		4A785F211BDC1A1B00ACA2F1 /* KhoaPham-Buoi9-LabelButtonHandling */ = {
			isa = PBXNativeTarget;
			buildConfigurationList = 4A785F341BDC1A1B00ACA2F1 /* Build configuration list for PBXNativeTarget "KhoaPham-Buoi9-LabelButtonHandling" */;
			buildPhases = (
				4A785F1E1BDC1A1B00ACA2F1 /* Sources */,
				4A785F1F1BDC1A1B00ACA2F1 /* Frameworks */,
				4A785F201BDC1A1B00ACA2F1 /* Resources */,
			);
			buildRules = (
			);
			dependencies = (
			);
			name = "KhoaPham-Buoi9-LabelButtonHandling";
			productName = "khoapham-buoi9-demolabel";
			productReference = 4A785F221BDC1A1B00ACA2F1 /* KhoaPham-Buoi9-LabelButtonHandling.app */;
			productType = "com.apple.product-type.application";
		};
/* End PBXNativeTarget section */

/* Begin PBXProject section */
		4A785F1A1BDC1A1B00ACA2F1 /* Project object */ = {
			isa = PBXProject;
			attributes = {
				LastUpgradeCheck = 0700;
				ORGANIZATIONNAME = HuyHuynh;
				TargetAttributes = {
					4A785F211BDC1A1B00ACA2F1 = {
						CreatedOnToolsVersion = 7.0.1;
						DevelopmentTeam = AL27CJ8536;
					};
				};
			};
			buildConfigurationList = 4A785F1D1BDC1A1B00ACA2F1 /* Build configuration list for PBXProject "KhoaPham-Buoi9-LabelButtonHandling" */;
			compatibilityVersion = "Xcode 3.2";
			developmentRegion = English;
			hasScannedForEncodings = 0;
			knownRegions = (
				en,
				Base,
			);
			mainGroup = 4A785F191BDC1A1B00ACA2F1;
			productRefGroup = 4A785F231BDC1A1B00ACA2F1 /* Products */;
			projectDirPath = "";
			projectRoot = "";
			targets = (
				4A785F211BDC1A1B00ACA2F1 /* KhoaPham-Buoi9-LabelButtonHandling */,
			);
		};
/* End PBXProject section */

/* Begin PBXResourcesBuildPhase section */
		4A785F201BDC1A1B00ACA2F1 /* Resources */ = {
			isa = PBXResourcesBuildPhase;
			buildActionMask = 2147483647;
			files = (
				4A785F301BDC1A1B00ACA2F1 /* LaunchScreen.storyboard in Resources */,
				4A785F2D1BDC1A1B00ACA2F1 /* Assets.xcassets in Resources */,
				4A785F2B1BDC1A1B00ACA2F1 /* Main.storyboard in Resources */,
				4A785F3A1BDC1A1B00ACA2F1 /* Green_button.png in Resources */,
			);
			runOnlyForDeploymentPostprocessing = 0;
		};
/* End PBXResourcesBuildPhase section */

/* Begin PBXSourcesBuildPhase section */
		4A785F1E1BDC1A1B00ACA2F1 /* Sources */ = {
			isa = PBXSourcesBuildPhase;
			buildActionMask = 2147483647;
			files = (
				4A785F281BDC1A1B00ACA2F1 /* ViewController.swift in Sources */,
				4A785F261BDC1A1B00ACA2F1 /* AppDelegate.swift in Sources */,
			);
			runOnlyForDeploymentPostprocessing = 0;
		};
/* End PBXSourcesBuildPhase section */

/* Begin PBXVariantGroup section */
		4A785F291BDC1A1B00ACA2F1 /* Main.storyboard */ = {
			isa = PBXVariantGroup;
			children = (
				4A785F2A1BDC1A1B00ACA2F1 /* Base */,
			);
			name = Main.storyboard;
			sourceTree = "<group>";
		};
		4A785F2E1BDC1A1B00ACA2F1 /* LaunchScreen.storyboard */ = {
			isa = PBXVariantGroup;
			children = (
				4A785F2F1BDC1A1B00ACA2F1 /* Base */,
			);
			name = LaunchScreen.storyboard;
			sourceTree = "<group>";
		};
/* End PBXVariantGroup section */

/* Begin XCBuildConfiguration section */
		4A785F321BDC1A1B00ACA2F1 /* Debug */ = {
			isa = XCBuildConfiguration;
			buildSettings = {
				ALWAYS_SEARCH_USER_PATHS = NO;
				CLANG_CXX_LANGUAGE_STANDARD = "gnu++0x";
				CLANG_CXX_LIBRARY = "libc++";
				CLANG_ENABLE_MODULES = YES;
				CLANG_ENABLE_OBJC_ARC = YES;
				CLANG_WARN_BOOL_CONVERSION = YES;
				CLANG_WARN_CONSTANT_CONVERSION = YES;
				CLANG_WARN_DIRECT_OBJC_ISA_USAGE = YES_ERROR;
				CLANG_WARN_EMPTY_BODY = YES;
				CLANG_WARN_ENUM_CONVERSION = YES;
				CLANG_WARN_INT_CONVERSION = YES;
				CLANG_WARN_OBJC_ROOT_CLASS = YES_ERROR;
				CLANG_WARN_UNREACHABLE_CODE = YES;
				CLANG_WARN__DUPLICATE_METHOD_MATCH = YES;
				"CODE_SIGN_IDENTITY[sdk=iphoneos*]" = "iPhone Developer";
				COPY_PHASE_STRIP = NO;
				DEBUG_INFORMATION_FORMAT = dwarf;
				ENABLE_STRICT_OBJC_MSGSEND = YES;
				ENABLE_TESTABILITY = YES;
				GCC_C_LANGUAGE_STANDARD = gnu99;
				GCC_DYNAMIC_NO_PIC = NO;
				GCC_NO_COMMON_BLOCKS = YES;
				GCC_OPTIMIZATION_LEVEL = 0;
				GCC_PREPROCESSOR_DEFINITIONS = (
					"DEBUG=1",
					"$(inherited)",
				);
				GCC_WARN_64_TO_32_BIT_CONVERSION = YES;
				GCC_WARN_ABOUT_RETURN_TYPE = YES_ERROR;
				GCC_WARN_UNDECLARED_SELECTOR = YES;
				GCC_WARN_UNINITIALIZED_AUTOS = YES_AGGRESSIVE;
				GCC_WARN_UNUSED_FUNCTION = YES;
				GCC_WARN_UNUSED_VARIABLE = YES;
				IPHONEOS_DEPLOYMENT_TARGET = 9.0;
				MTL_ENABLE_DEBUG_INFO = YES;
				ONLY_ACTIVE_ARCH = YES;
				SDKROOT = iphoneos;
				SWIFT_OPTIMIZATION_LEVEL = "-Onone";
				TARGETED_DEVICE_FAMILY = "1,2";
			};
			name = Debug;
		};
		4A785F331BDC1A1B00ACA2F1 /* Release */ = {
			isa = XCBuildConfiguration;
			buildSettings = {
				ALWAYS_SEARCH_USER_PATHS = NO;
				CLANG_CXX_LANGUAGE_STANDARD = "gnu++0x";
				CLANG_CXX_LIBRARY = "libc++";
				CLANG_ENABLE_MODULES = YES;
				CLANG_ENABLE_OBJC_ARC = YES;
				CLANG_WARN_BOOL_CONVERSION = YES;
				CLANG_WARN_CONSTANT_CONVERSION = YES;
				CLANG_WARN_DIRECT_OBJC_ISA_USAGE = YES_ERROR;
				CLANG_WARN_EMPTY_BODY = YES;
				CLANG_WARN_ENUM_CONVERSION = YES;
				CLANG_WARN_INT_CONVERSION = YES;
				CLANG_WARN_OBJC_ROOT_CLASS = YES_ERROR;
				CLANG_WARN_UNREACHABLE_CODE = YES;
				CLANG_WARN__DUPLICATE_METHOD_MATCH = YES;
				"CODE_SIGN_IDENTITY[sdk=iphoneos*]" = "iPhone Developer";
				COPY_PHASE_STRIP = NO;
				DEBUG_INFORMATION_FORMAT = "dwarf-with-dsym";
				ENABLE_NS_ASSERTIONS = NO;
				ENABLE_STRICT_OBJC_MSGSEND = YES;
				GCC_C_LANGUAGE_STANDARD = gnu99;
				GCC_NO_COMMON_BLOCKS = YES;
				GCC_WARN_64_TO_32_BIT_CONVERSION = YES;
				GCC_WARN_ABOUT_RETURN_TYPE = YES_ERROR;
				GCC_WARN_UNDECLARED_SELECTOR = YES;
				GCC_WARN_UNINITIALIZED_AUTOS = YES_AGGRESSIVE;
				GCC_WARN_UNUSED_FUNCTION = YES;
				GCC_WARN_UNUSED_VARIABLE = YES;
				IPHONEOS_DEPLOYMENT_TARGET = 9.0;
				MTL_ENABLE_DEBUG_INFO = NO;
				SDKROOT = iphoneos;
				TARGETED_DEVICE_FAMILY = "1,2";
				VALIDATE_PRODUCT = YES;
			};
			name = Release;
		};
		4A785F351BDC1A1B00ACA2F1 /* Debug */ = {
			isa = XCBuildConfiguration;
			buildSettings = {
				ASSETCATALOG_COMPILER_APPICON_NAME = AppIcon;
				INFOPLIST_FILE = "khoapham-buoi9-demolabel/Info.plist";
				LD_RUNPATH_SEARCH_PATHS = "$(inherited) @executable_path/Frameworks";
				PRODUCT_BUNDLE_IDENTIFIER = "com.huyhuynh.khoapham-buoi9-demolabel";
				PRODUCT_NAME = "KhoaPham-Buoi9-LabelButtonHandling";
			};
			name = Debug;
		};
		4A785F361BDC1A1B00ACA2F1 /* Release */ = {
			isa = XCBuildConfiguration;
			buildSettings = {
				ASSETCATALOG_COMPILER_APPICON_NAME = AppIcon;
				INFOPLIST_FILE = "khoapham-buoi9-demolabel/Info.plist";
				LD_RUNPATH_SEARCH_PATHS = "$(inherited) @executable_path/Frameworks";
				PRODUCT_BUNDLE_IDENTIFIER = "com.huyhuynh.khoapham-buoi9-demolabel";
				PRODUCT_NAME = "KhoaPham-Buoi9-LabelButtonHandling";
			};
			name = Release;
		};
/* End XCBuildConfiguration section */

/* Begin XCConfigurationList section */
		4A785F1D1BDC1A1B00ACA2F1 /* Build configuration list for PBXProject "KhoaPham-Buoi9-LabelButtonHandling" */ = {
			isa = XCConfigurationList;
			buildConfigurations = (
				4A785F321BDC1A1B00ACA2F1 /* Debug */,
				4A785F331BDC1A1B00ACA2F1 /* Release */,
			);
			defaultConfigurationIsVisible = 0;
			defaultConfigurationName = Release;
		};
		4A785F341BDC1A1B00ACA2F1 /* Build configuration list for PBXNativeTarget "KhoaPham-Buoi9-LabelButtonHandling" */ = {
			isa = XCConfigurationList;
			buildConfigurations = (
				4A785F351BDC1A1B00ACA2F1 /* Debug */,
				4A785F361BDC1A1B00ACA2F1 /* Release */,
			);
			defaultConfigurationIsVisible = 0;
			defaultConfigurationName = Release;
		};
/* End XCConfigurationList section */
	};
	rootObject = 4A785F1A1BDC1A1B00ACA2F1 /* Project object */;
}
