// !$*UTF8*$!
{
	archiveVersion = 1;
	classes = {
	};
	objectVersion = 46;
	objects = {

/* Begin PBXBuildFile section */
		4A553F501BC95561006916F4 /* AppDelegate.swift in Sources */ = {isa = PBXBuildFile; fileRef = 4A553F4F1BC95561006916F4 /* AppDelegate.swift */; };
		4A553F521BC95561006916F4 /* ViewController.swift in Sources */ = {isa = PBXBuildFile; fileRef = 4A553F511BC95561006916F4 /* ViewController.swift */; };
		4A553F551BC95561006916F4 /* Main.storyboard in Resources */ = {isa = PBXBuildFile; fileRef = 4A553F531BC95561006916F4 /* Main.storyboard */; };
		4A553F571BC95561006916F4 /* Assets.xcassets in Resources */ = {isa = PBXBuildFile; fileRef = 4A553F561BC95561006916F4 /* Assets.xcassets */; };
		4A553F5A1BC95561006916F4 /* LaunchScreen.storyboard in Resources */ = {isa = PBXBuildFile; fileRef = 4A553F581BC95561006916F4 /* LaunchScreen.storyboard */; };
		4AAC397E1BCC1BBF00AC326F /* Red_button.png in Resources */ = {isa = PBXBuildFile; fileRef = 4AAC397D1BCC1BBF00AC326F /* Red_button.png */; settings = {ASSET_TAGS = (); }; };
/* End PBXBuildFile section */

/* Begin PBXFileReference section */
		4A553F4C1BC95561006916F4 /* KhoaPham-Buoi3-RandomNSUrl-Ex.temp_caseinsensitive_rename.app */ = {isa = PBXFileReference; explicitFileType = wrapper.application; includeInIndex = 0; path = "KhoaPham-Buoi3-RandomNSUrl-Ex.temp_caseinsensitive_rename.app"; sourceTree = BUILT_PRODUCTS_DIR; };
		4A553F4F1BC95561006916F4 /* AppDelegate.swift */ = {isa = PBXFileReference; lastKnownFileType = sourcecode.swift; path = AppDelegate.swift; sourceTree = "<group>"; };
		4A553F511BC95561006916F4 /* ViewController.swift */ = {isa = PBXFileReference; lastKnownFileType = sourcecode.swift; path = ViewController.swift; sourceTree = "<group>"; };
		4A553F541BC95561006916F4 /* Base */ = {isa = PBXFileReference; lastKnownFileType = file.storyboard; name = Base; path = Base.lproj/Main.storyboard; sourceTree = "<group>"; };
		4A553F561BC95561006916F4 /* Assets.xcassets */ = {isa = PBXFileReference; lastKnownFileType = folder.assetcatalog; path = Assets.xcassets; sourceTree = "<group>"; };
		4A553F591BC95561006916F4 /* Base */ = {isa = PBXFileReference; lastKnownFileType = file.storyboard; name = Base; path = Base.lproj/LaunchScreen.storyboard; sourceTree = "<group>"; };
		4A553F5B1BC95561006916F4 /* Info.plist */ = {isa = PBXFileReference; lastKnownFileType = text.plist.xml; path = Info.plist; sourceTree = "<group>"; };
		4AAC397D1BCC1BBF00AC326F /* Red_button.png */ = {isa = PBXFileReference; lastKnownFileType = image.png; path = Red_button.png; sourceTree = "<group>"; };
/* End PBXFileReference section */

/* Begin PBXFrameworksBuildPhase section */
		4A553F491BC95561006916F4 /* Frameworks */ = {
			isa = PBXFrameworksBuildPhase;
			buildActionMask = 2147483647;
			files = (
			);
			runOnlyForDeploymentPostprocessing = 0;
		};
/* End PBXFrameworksBuildPhase section */

/* Begin PBXGroup section */
		4A553F431BC95561006916F4 = {
			isa = PBXGroup;
			children = (
				4A553F4E1BC95561006916F4 /* KhoaPham-Buoi3-RandomNSUrl-Ex */,
				4A553F4D1BC95561006916F4 /* Products */,
			);
			sourceTree = "<group>";
		};
		4A553F4D1BC95561006916F4 /* Products */ = {
			isa = PBXGroup;
			children = (
				4A553F4C1BC95561006916F4 /* KhoaPham-Buoi3-RandomNSUrl-Ex.temp_caseinsensitive_rename.app */,
			);
			name = Products;
			sourceTree = "<group>";
		};
		4A553F4E1BC95561006916F4 /* KhoaPham-Buoi3-RandomNSUrl-Ex */ = {
			isa = PBXGroup;
			children = (
				4A553F4F1BC95561006916F4 /* AppDelegate.swift */,
				4A553F511BC95561006916F4 /* ViewController.swift */,
				4A553F531BC95561006916F4 /* Main.storyboard */,
				4A553F561BC95561006916F4 /* Assets.xcassets */,
				4A553F581BC95561006916F4 /* LaunchScreen.storyboard */,
				4A553F5B1BC95561006916F4 /* Info.plist */,
				4AAC397D1BCC1BBF00AC326F /* Red_button.png */,
			);
			name = "KhoaPham-Buoi3-RandomNSUrl-Ex";
			path = "khoapham-buoi3-excercise";
			sourceTree = "<group>";
		};
/* End PBXGroup section */

/* Begin PBXNativeTarget section */
		4A553F4B1BC95561006916F4 /* khoapham-buoi3-randomNSUrlExercise */ = {
			isa = PBXNativeTarget;
			buildConfigurationList = 4A553F5E1BC95561006916F4 /* Build configuration list for PBXNativeTarget "khoapham-buoi3-randomNSUrlExercise" */;
			buildPhases = (
				4A553F481BC95561006916F4 /* Sources */,
				4A553F491BC95561006916F4 /* Frameworks */,
				4A553F4A1BC95561006916F4 /* Resources */,
			);
			buildRules = (
			);
			dependencies = (
			);
			name = "khoapham-buoi3-randomNSUrlExercise";
			productName = "khoapham-buoi3-excercise";
			productReference = 4A553F4C1BC95561006916F4 /* KhoaPham-Buoi3-RandomNSUrl-Ex.temp_caseinsensitive_rename.app */;
			productType = "com.apple.product-type.application";
		};
/* End PBXNativeTarget section */

/* Begin PBXProject section */
		4A553F441BC95561006916F4 /* Project object */ = {
			isa = PBXProject;
			attributes = {
				LastUpgradeCheck = 0700;
				ORGANIZATIONNAME = HuyHuynh;
				TargetAttributes = {
					4A553F4B1BC95561006916F4 = {
						CreatedOnToolsVersion = 7.0.1;
						DevelopmentTeam = AL27CJ8536;
					};
				};
			};
			buildConfigurationList = 4A553F471BC95561006916F4 /* Build configuration list for PBXProject "KhoaPham-Buoi3-RandomNSUrl-Ex" */;
			compatibilityVersion = "Xcode 3.2";
			developmentRegion = English;
			hasScannedForEncodings = 0;
			knownRegions = (
				en,
				Base,
			);
			mainGroup = 4A553F431BC95561006916F4;
			productRefGroup = 4A553F4D1BC95561006916F4 /* Products */;
			projectDirPath = "";
			projectRoot = "";
			targets = (
				4A553F4B1BC95561006916F4 /* khoapham-buoi3-randomNSUrlExercise */,
			);
		};
/* End PBXProject section */

/* Begin PBXResourcesBuildPhase section */
		4A553F4A1BC95561006916F4 /* Resources */ = {
			isa = PBXResourcesBuildPhase;
			buildActionMask = 2147483647;
			files = (
				4A553F5A1BC95561006916F4 /* LaunchScreen.storyboard in Resources */,
				4A553F571BC95561006916F4 /* Assets.xcassets in Resources */,
				4A553F551BC95561006916F4 /* Main.storyboard in Resources */,
				4AAC397E1BCC1BBF00AC326F /* Red_button.png in Resources */,
			);
			runOnlyForDeploymentPostprocessing = 0;
		};
/* End PBXResourcesBuildPhase section */

/* Begin PBXSourcesBuildPhase section */
		4A553F481BC95561006916F4 /* Sources */ = {
			isa = PBXSourcesBuildPhase;
			buildActionMask = 2147483647;
			files = (
				4A553F521BC95561006916F4 /* ViewController.swift in Sources */,
				4A553F501BC95561006916F4 /* AppDelegate.swift in Sources */,
			);
			runOnlyForDeploymentPostprocessing = 0;
		};
/* End PBXSourcesBuildPhase section */

/* Begin PBXVariantGroup section */
		4A553F531BC95561006916F4 /* Main.storyboard */ = {
			isa = PBXVariantGroup;
			children = (
				4A553F541BC95561006916F4 /* Base */,
			);
			name = Main.storyboard;
			sourceTree = "<group>";
		};
		4A553F581BC95561006916F4 /* LaunchScreen.storyboard */ = {
			isa = PBXVariantGroup;
			children = (
				4A553F591BC95561006916F4 /* Base */,
			);
			name = LaunchScreen.storyboard;
			sourceTree = "<group>";
		};
/* End PBXVariantGroup section */

/* Begin XCBuildConfiguration section */
		4A553F5C1BC95561006916F4 /* Debug */ = {
			isa = XCBuildConfiguration;
			buildSettings = {
				ALWAYS_SEARCH_USER_PATHS = NO;
				CLANG_CXX_LANGUAGE_STANDARD = "gnu++0x";
				CLANG_CXX_LIBRARY = "libc++";
				CLANG_ENABLE_MODULES = YES;
				CLANG_ENABLE_OBJC_ARC = YES;
				CLANG_WARN_BOOL_CONVERSION = YES;
				CLANG_WARN_CONSTANT_CONVERSION = YES;
				CLANG_WARN_DIRECT_OBJC_ISA_USAGE = YES_ERROR;
				CLANG_WARN_EMPTY_BODY = YES;
				CLANG_WARN_ENUM_CONVERSION = YES;
				CLANG_WARN_INT_CONVERSION = YES;
				CLANG_WARN_OBJC_ROOT_CLASS = YES_ERROR;
				CLANG_WARN_UNREACHABLE_CODE = YES;
				CLANG_WARN__DUPLICATE_METHOD_MATCH = YES;
				"CODE_SIGN_IDENTITY[sdk=iphoneos*]" = "iPhone Developer";
				COPY_PHASE_STRIP = NO;
				DEBUG_INFORMATION_FORMAT = dwarf;
				ENABLE_STRICT_OBJC_MSGSEND = YES;
				ENABLE_TESTABILITY = YES;
				GCC_C_LANGUAGE_STANDARD = gnu99;
				GCC_DYNAMIC_NO_PIC = NO;
				GCC_NO_COMMON_BLOCKS = YES;
				GCC_OPTIMIZATION_LEVEL = 0;
				GCC_PREPROCESSOR_DEFINITIONS = (
					"DEBUG=1",
					"$(inherited)",
				);
				GCC_WARN_64_TO_32_BIT_CONVERSION = YES;
				GCC_WARN_ABOUT_RETURN_TYPE = YES_ERROR;
				GCC_WARN_UNDECLARED_SELECTOR = YES;
				GCC_WARN_UNINITIALIZED_AUTOS = YES_AGGRESSIVE;
				GCC_WARN_UNUSED_FUNCTION = YES;
				GCC_WARN_UNUSED_VARIABLE = YES;
				IPHONEOS_DEPLOYMENT_TARGET = 9.0;
				MTL_ENABLE_DEBUG_INFO = YES;
				ONLY_ACTIVE_ARCH = YES;
				SDKROOT = iphoneos;
				SWIFT_OPTIMIZATION_LEVEL = "-Onone";
				TARGETED_DEVICE_FAMILY = "1,2";
			};
			name = Debug;
		};
		4A553F5D1BC95561006916F4 /* Release */ = {
			isa = XCBuildConfiguration;
			buildSettings = {
				ALWAYS_SEARCH_USER_PATHS = NO;
				CLANG_CXX_LANGUAGE_STANDARD = "gnu++0x";
				CLANG_CXX_LIBRARY = "libc++";
				CLANG_ENABLE_MODULES = YES;
				CLANG_ENABLE_OBJC_ARC = YES;
				CLANG_WARN_BOOL_CONVERSION = YES;
				CLANG_WARN_CONSTANT_CONVERSION = YES;
				CLANG_WARN_DIRECT_OBJC_ISA_USAGE = YES_ERROR;
				CLANG_WARN_EMPTY_BODY = YES;
				CLANG_WARN_ENUM_CONVERSION = YES;
				CLANG_WARN_INT_CONVERSION = YES;
				CLANG_WARN_OBJC_ROOT_CLASS = YES_ERROR;
				CLANG_WARN_UNREACHABLE_CODE = YES;
				CLANG_WARN__DUPLICATE_METHOD_MATCH = YES;
				"CODE_SIGN_IDENTITY[sdk=iphoneos*]" = "iPhone Developer";
				COPY_PHASE_STRIP = NO;
				DEBUG_INFORMATION_FORMAT = "dwarf-with-dsym";
				ENABLE_NS_ASSERTIONS = NO;
				ENABLE_STRICT_OBJC_MSGSEND = YES;
				GCC_C_LANGUAGE_STANDARD = gnu99;
				GCC_NO_COMMON_BLOCKS = YES;
				GCC_WARN_64_TO_32_BIT_CONVERSION = YES;
				GCC_WARN_ABOUT_RETURN_TYPE = YES_ERROR;
				GCC_WARN_UNDECLARED_SELECTOR = YES;
				GCC_WARN_UNINITIALIZED_AUTOS = YES_AGGRESSIVE;
				GCC_WARN_UNUSED_FUNCTION = YES;
				GCC_WARN_UNUSED_VARIABLE = YES;
				IPHONEOS_DEPLOYMENT_TARGET = 9.0;
				MTL_ENABLE_DEBUG_INFO = NO;
				SDKROOT = iphoneos;
				TARGETED_DEVICE_FAMILY = "1,2";
				VALIDATE_PRODUCT = YES;
			};
			name = Release;
		};
		4A553F5F1BC95561006916F4 /* Debug */ = {
			isa = XCBuildConfiguration;
			buildSettings = {
				ASSETCATALOG_COMPILER_APPICON_NAME = AppIcon;
				INFOPLIST_FILE = "khoapham-buoi3-excercise/Info.plist";
				LD_RUNPATH_SEARCH_PATHS = "$(inherited) @executable_path/Frameworks";
				PRODUCT_BUNDLE_IDENTIFIER = "com.huyhuynh.khoapham-buoi3-excercise";
				PRODUCT_NAME = "KhoaPham-Buoi3-RandomNSUrl-Ex.temp_caseinsensitive_rename";
			};
			name = Debug;
		};
		4A553F601BC95561006916F4 /* Release */ = {
			isa = XCBuildConfiguration;
			buildSettings = {
				ASSETCATALOG_COMPILER_APPICON_NAME = AppIcon;
				INFOPLIST_FILE = "khoapham-buoi3-excercise/Info.plist";
				LD_RUNPATH_SEARCH_PATHS = "$(inherited) @executable_path/Frameworks";
				PRODUCT_BUNDLE_IDENTIFIER = "com.huyhuynh.khoapham-buoi3-excercise";
				PRODUCT_NAME = "KhoaPham-Buoi3-RandomNSUrl-Ex.temp_caseinsensitive_rename";
			};
			name = Release;
		};
/* End XCBuildConfiguration section */

/* Begin XCConfigurationList section */
		4A553F471BC95561006916F4 /* Build configuration list for PBXProject "KhoaPham-Buoi3-RandomNSUrl-Ex" */ = {
			isa = XCConfigurationList;
			buildConfigurations = (
				4A553F5C1BC95561006916F4 /* Debug */,
				4A553F5D1BC95561006916F4 /* Release */,
			);
			defaultConfigurationIsVisible = 0;
			defaultConfigurationName = Release;
		};
		4A553F5E1BC95561006916F4 /* Build configuration list for PBXNativeTarget "khoapham-buoi3-randomNSUrlExercise" */ = {
			isa = XCConfigurationList;
			buildConfigurations = (
				4A553F5F1BC95561006916F4 /* Debug */,
				4A553F601BC95561006916F4 /* Release */,
			);
			defaultConfigurationIsVisible = 0;
			defaultConfigurationName = Release;
		};
/* End XCConfigurationList section */
	};
	rootObject = 4A553F441BC95561006916F4 /* Project object */;
}
