// !$*UTF8*$!
{
	archiveVersion = 1;
	classes = {
	};
	objectVersion = 46;
	objects = {

/* Begin PBXBuildFile section */
		4A58CA651BD66F6E00023F20 /* AppDelegate.swift in Sources */ = {isa = PBXBuildFile; fileRef = 4A58CA641BD66F6E00023F20 /* AppDelegate.swift */; };
		4A58CA671BD66F6E00023F20 /* ViewController.swift in Sources */ = {isa = PBXBuildFile; fileRef = 4A58CA661BD66F6E00023F20 /* ViewController.swift */; };
		4A58CA6A1BD66F6E00023F20 /* Main.storyboard in Resources */ = {isa = PBXBuildFile; fileRef = 4A58CA681BD66F6E00023F20 /* Main.storyboard */; };
		4A58CA6C1BD66F6E00023F20 /* Assets.xcassets in Resources */ = {isa = PBXBuildFile; fileRef = 4A58CA6B1BD66F6E00023F20 /* Assets.xcassets */; };
		4A58CA6F1BD66F6E00023F20 /* LaunchScreen.storyboard in Resources */ = {isa = PBXBuildFile; fileRef = 4A58CA6D1BD66F6E00023F20 /* LaunchScreen.storyboard */; };
/* End PBXBuildFile section */

/* Begin PBXFileReference section */
		4A58CA611BD66F6E00023F20 /* D2-HuynhChanHuy.app */ = {isa = PBXFileReference; explicitFileType = wrapper.application; includeInIndex = 0; path = "D2-HuynhChanHuy.app"; sourceTree = BUILT_PRODUCTS_DIR; };
		4A58CA641BD66F6E00023F20 /* AppDelegate.swift */ = {isa = PBXFileReference; lastKnownFileType = sourcecode.swift; path = AppDelegate.swift; sourceTree = "<group>"; };
		4A58CA661BD66F6E00023F20 /* ViewController.swift */ = {isa = PBXFileReference; lastKnownFileType = sourcecode.swift; path = ViewController.swift; sourceTree = "<group>"; };
		4A58CA691BD66F6E00023F20 /* Base */ = {isa = PBXFileReference; lastKnownFileType = file.storyboard; name = Base; path = Base.lproj/Main.storyboard; sourceTree = "<group>"; };
		4A58CA6B1BD66F6E00023F20 /* Assets.xcassets */ = {isa = PBXFileReference; lastKnownFileType = folder.assetcatalog; path = Assets.xcassets; sourceTree = "<group>"; };
		4A58CA6E1BD66F6E00023F20 /* Base */ = {isa = PBXFileReference; lastKnownFileType = file.storyboard; name = Base; path = Base.lproj/LaunchScreen.storyboard; sourceTree = "<group>"; };
		4A58CA701BD66F6E00023F20 /* Info.plist */ = {isa = PBXFileReference; lastKnownFileType = text.plist.xml; path = Info.plist; sourceTree = "<group>"; };
/* End PBXFileReference section */

/* Begin PBXFrameworksBuildPhase section */
		4A58CA5E1BD66F6E00023F20 /* Frameworks */ = {
			isa = PBXFrameworksBuildPhase;
			buildActionMask = 2147483647;
			files = (
			);
			runOnlyForDeploymentPostprocessing = 0;
		};
/* End PBXFrameworksBuildPhase section */

/* Begin PBXGroup section */
		4A58CA581BD66F6E00023F20 = {
			isa = PBXGroup;
			children = (
				4A58CA631BD66F6E00023F20 /* D2-HuynhChanHuy */,
				4A58CA621BD66F6E00023F20 /* Products */,
			);
			sourceTree = "<group>";
		};
		4A58CA621BD66F6E00023F20 /* Products */ = {
			isa = PBXGroup;
			children = (
				4A58CA611BD66F6E00023F20 /* D2-HuynhChanHuy.app */,
			);
			name = Products;
			sourceTree = "<group>";
		};
		4A58CA631BD66F6E00023F20 /* D2-HuynhChanHuy */ = {
			isa = PBXGroup;
			children = (
				4A58CA641BD66F6E00023F20 /* AppDelegate.swift */,
				4A58CA661BD66F6E00023F20 /* ViewController.swift */,
				4A58CA681BD66F6E00023F20 /* Main.storyboard */,
				4A58CA6B1BD66F6E00023F20 /* Assets.xcassets */,
				4A58CA6D1BD66F6E00023F20 /* LaunchScreen.storyboard */,
				4A58CA701BD66F6E00023F20 /* Info.plist */,
			);
			path = "D2-HuynhChanHuy";
			sourceTree = "<group>";
		};
/* End PBXGroup section */

/* Begin PBXNativeTarget section */
		4A58CA601BD66F6E00023F20 /* D2-HuynhChanHuy */ = {
			isa = PBXNativeTarget;
			buildConfigurationList = 4A58CA731BD66F6E00023F20 /* Build configuration list for PBXNativeTarget "D2-HuynhChanHuy" */;
			buildPhases = (
				4A58CA5D1BD66F6E00023F20 /* Sources */,
				4A58CA5E1BD66F6E00023F20 /* Frameworks */,
				4A58CA5F1BD66F6E00023F20 /* Resources */,
			);
			buildRules = (
			);
			dependencies = (
			);
			name = "D2-HuynhChanHuy";
			productName = "D2-HuynhChanHuy";
			productReference = 4A58CA611BD66F6E00023F20 /* D2-HuynhChanHuy.app */;
			productType = "com.apple.product-type.application";
		};
/* End PBXNativeTarget section */

/* Begin PBXProject section */
		4A58CA591BD66F6E00023F20 /* Project object */ = {
			isa = PBXProject;
			attributes = {
				LastUpgradeCheck = 0700;
				ORGANIZATIONNAME = HuyHuynh;
				TargetAttributes = {
					4A58CA601BD66F6E00023F20 = {
						CreatedOnToolsVersion = 7.0.1;
						DevelopmentTeam = AL27CJ8536;
					};
				};
			};
			buildConfigurationList = 4A58CA5C1BD66F6E00023F20 /* Build configuration list for PBXProject "D2-HuynhChanHuy" */;
			compatibilityVersion = "Xcode 3.2";
			developmentRegion = English;
			hasScannedForEncodings = 0;
			knownRegions = (
				en,
				Base,
			);
			mainGroup = 4A58CA581BD66F6E00023F20;
			productRefGroup = 4A58CA621BD66F6E00023F20 /* Products */;
			projectDirPath = "";
			projectRoot = "";
			targets = (
				4A58CA601BD66F6E00023F20 /* D2-HuynhChanHuy */,
			);
		};
/* End PBXProject section */

/* Begin PBXResourcesBuildPhase section */
		4A58CA5F1BD66F6E00023F20 /* Resources */ = {
			isa = PBXResourcesBuildPhase;
			buildActionMask = 2147483647;
			files = (
				4A58CA6F1BD66F6E00023F20 /* LaunchScreen.storyboard in Resources */,
				4A58CA6C1BD66F6E00023F20 /* Assets.xcassets in Resources */,
				4A58CA6A1BD66F6E00023F20 /* Main.storyboard in Resources */,
			);
			runOnlyForDeploymentPostprocessing = 0;
		};
/* End PBXResourcesBuildPhase section */

/* Begin PBXSourcesBuildPhase section */
		4A58CA5D1BD66F6E00023F20 /* Sources */ = {
			isa = PBXSourcesBuildPhase;
			buildActionMask = 2147483647;
			files = (
				4A58CA671BD66F6E00023F20 /* ViewController.swift in Sources */,
				4A58CA651BD66F6E00023F20 /* AppDelegate.swift in Sources */,
			);
			runOnlyForDeploymentPostprocessing = 0;
		};
/* End PBXSourcesBuildPhase section */

/* Begin PBXVariantGroup section */
		4A58CA681BD66F6E00023F20 /* Main.storyboard */ = {
			isa = PBXVariantGroup;
			children = (
				4A58CA691BD66F6E00023F20 /* Base */,
			);
			name = Main.storyboard;
			sourceTree = "<group>";
		};
		4A58CA6D1BD66F6E00023F20 /* LaunchScreen.storyboard */ = {
			isa = PBXVariantGroup;
			children = (
				4A58CA6E1BD66F6E00023F20 /* Base */,
			);
			name = LaunchScreen.storyboard;
			sourceTree = "<group>";
		};
/* End PBXVariantGroup section */

/* Begin XCBuildConfiguration section */
		4A58CA711BD66F6E00023F20 /* Debug */ = {
			isa = XCBuildConfiguration;
			buildSettings = {
				ALWAYS_SEARCH_USER_PATHS = NO;
				CLANG_CXX_LANGUAGE_STANDARD = "gnu++0x";
				CLANG_CXX_LIBRARY = "libc++";
				CLANG_ENABLE_MODULES = YES;
				CLANG_ENABLE_OBJC_ARC = YES;
				CLANG_WARN_BOOL_CONVERSION = YES;
				CLANG_WARN_CONSTANT_CONVERSION = YES;
				CLANG_WARN_DIRECT_OBJC_ISA_USAGE = YES_ERROR;
				CLANG_WARN_EMPTY_BODY = YES;
				CLANG_WARN_ENUM_CONVERSION = YES;
				CLANG_WARN_INT_CONVERSION = YES;
				CLANG_WARN_OBJC_ROOT_CLASS = YES_ERROR;
				CLANG_WARN_UNREACHABLE_CODE = YES;
				CLANG_WARN__DUPLICATE_METHOD_MATCH = YES;
				"CODE_SIGN_IDENTITY[sdk=iphoneos*]" = "iPhone Developer";
				COPY_PHASE_STRIP = NO;
				DEBUG_INFORMATION_FORMAT = dwarf;
				ENABLE_STRICT_OBJC_MSGSEND = YES;
				ENABLE_TESTABILITY = YES;
				GCC_C_LANGUAGE_STANDARD = gnu99;
				GCC_DYNAMIC_NO_PIC = NO;
				GCC_NO_COMMON_BLOCKS = YES;
				GCC_OPTIMIZATION_LEVEL = 0;
				GCC_PREPROCESSOR_DEFINITIONS = (
					"DEBUG=1",
					"$(inherited)",
				);
				GCC_WARN_64_TO_32_BIT_CONVERSION = YES;
				GCC_WARN_ABOUT_RETURN_TYPE = YES_ERROR;
				GCC_WARN_UNDECLARED_SELECTOR = YES;
				GCC_WARN_UNINITIALIZED_AUTOS = YES_AGGRESSIVE;
				GCC_WARN_UNUSED_FUNCTION = YES;
				GCC_WARN_UNUSED_VARIABLE = YES;
				IPHONEOS_DEPLOYMENT_TARGET = 9.0;
				MTL_ENABLE_DEBUG_INFO = YES;
				ONLY_ACTIVE_ARCH = YES;
				SDKROOT = iphoneos;
				SWIFT_OPTIMIZATION_LEVEL = "-Onone";
				TARGETED_DEVICE_FAMILY = "1,2";
			};
			name = Debug;
		};
		4A58CA721BD66F6E00023F20 /* Release */ = {
			isa = XCBuildConfiguration;
			buildSettings = {
				ALWAYS_SEARCH_USER_PATHS = NO;
				CLANG_CXX_LANGUAGE_STANDARD = "gnu++0x";
				CLANG_CXX_LIBRARY = "libc++";
				CLANG_ENABLE_MODULES = YES;
				CLANG_ENABLE_OBJC_ARC = YES;
				CLANG_WARN_BOOL_CONVERSION = YES;
				CLANG_WARN_CONSTANT_CONVERSION = YES;
				CLANG_WARN_DIRECT_OBJC_ISA_USAGE = YES_ERROR;
				CLANG_WARN_EMPTY_BODY = YES;
				CLANG_WARN_ENUM_CONVERSION = YES;
				CLANG_WARN_INT_CONVERSION = YES;
				CLANG_WARN_OBJC_ROOT_CLASS = YES_ERROR;
				CLANG_WARN_UNREACHABLE_CODE = YES;
				CLANG_WARN__DUPLICATE_METHOD_MATCH = YES;
				"CODE_SIGN_IDENTITY[sdk=iphoneos*]" = "iPhone Developer";
				COPY_PHASE_STRIP = NO;
				DEBUG_INFORMATION_FORMAT = "dwarf-with-dsym";
				ENABLE_NS_ASSERTIONS = NO;
				ENABLE_STRICT_OBJC_MSGSEND = YES;
				GCC_C_LANGUAGE_STANDARD = gnu99;
				GCC_NO_COMMON_BLOCKS = YES;
				GCC_WARN_64_TO_32_BIT_CONVERSION = YES;
				GCC_WARN_ABOUT_RETURN_TYPE = YES_ERROR;
				GCC_WARN_UNDECLARED_SELECTOR = YES;
				GCC_WARN_UNINITIALIZED_AUTOS = YES_AGGRESSIVE;
				GCC_WARN_UNUSED_FUNCTION = YES;
				GCC_WARN_UNUSED_VARIABLE = YES;
				IPHONEOS_DEPLOYMENT_TARGET = 9.0;
				MTL_ENABLE_DEBUG_INFO = NO;
				SDKROOT = iphoneos;
				TARGETED_DEVICE_FAMILY = "1,2";
				VALIDATE_PRODUCT = YES;
			};
			name = Release;
		};
		4A58CA741BD66F6E00023F20 /* Debug */ = {
			isa = XCBuildConfiguration;
			buildSettings = {
				ASSETCATALOG_COMPILER_APPICON_NAME = AppIcon;
				INFOPLIST_FILE = "D2-HuynhChanHuy/Info.plist";
				LD_RUNPATH_SEARCH_PATHS = "$(inherited) @executable_path/Frameworks";
				PRODUCT_BUNDLE_IDENTIFIER = "com.huyhuynh.D2-HuynhChanHuy";
				PRODUCT_NAME = "$(TARGET_NAME)";
			};
			name = Debug;
		};
		4A58CA751BD66F6E00023F20 /* Release */ = {
			isa = XCBuildConfiguration;
			buildSettings = {
				ASSETCATALOG_COMPILER_APPICON_NAME = AppIcon;
				INFOPLIST_FILE = "D2-HuynhChanHuy/Info.plist";
				LD_RUNPATH_SEARCH_PATHS = "$(inherited) @executable_path/Frameworks";
				PRODUCT_BUNDLE_IDENTIFIER = "com.huyhuynh.D2-HuynhChanHuy";
				PRODUCT_NAME = "$(TARGET_NAME)";
			};
			name = Release;
		};
/* End XCBuildConfiguration section */

/* Begin XCConfigurationList section */
		4A58CA5C1BD66F6E00023F20 /* Build configuration list for PBXProject "D2-HuynhChanHuy" */ = {
			isa = XCConfigurationList;
			buildConfigurations = (
				4A58CA711BD66F6E00023F20 /* Debug */,
				4A58CA721BD66F6E00023F20 /* Release */,
			);
			defaultConfigurationIsVisible = 0;
			defaultConfigurationName = Release;
		};
		4A58CA731BD66F6E00023F20 /* Build configuration list for PBXNativeTarget "D2-HuynhChanHuy" */ = {
			isa = XCConfigurationList;
			buildConfigurations = (
				4A58CA741BD66F6E00023F20 /* Debug */,
				4A58CA751BD66F6E00023F20 /* Release */,
			);
			defaultConfigurationIsVisible = 0;
		};
/* End XCConfigurationList section */
	};
	rootObject = 4A58CA591BD66F6E00023F20 /* Project object */;
}
