// !$*UTF8*$!
{
	archiveVersion = 1;
	classes = {
	};
	objectVersion = 46;
	objects = {

/* Begin PBXBuildFile section */
		4A43F12C1BDEB95D0043B3B8 /* AppDelegate.swift in Sources */ = {isa = PBXBuildFile; fileRef = 4A43F12B1BDEB95D0043B3B8 /* AppDelegate.swift */; };
		4A43F12E1BDEB95D0043B3B8 /* ViewController.swift in Sources */ = {isa = PBXBuildFile; fileRef = 4A43F12D1BDEB95D0043B3B8 /* ViewController.swift */; };
		4A43F1311BDEB95E0043B3B8 /* Main.storyboard in Resources */ = {isa = PBXBuildFile; fileRef = 4A43F12F1BDEB95E0043B3B8 /* Main.storyboard */; };
		4A43F1331BDEB95E0043B3B8 /* Assets.xcassets in Resources */ = {isa = PBXBuildFile; fileRef = 4A43F1321BDEB95E0043B3B8 /* Assets.xcassets */; };
		4A43F1361BDEB95E0043B3B8 /* LaunchScreen.storyboard in Resources */ = {isa = PBXBuildFile; fileRef = 4A43F1341BDEB95E0043B3B8 /* LaunchScreen.storyboard */; };
/* End PBXBuildFile section */

/* Begin PBXFileReference section */
		4A43F1281BDEB95C0043B3B8 /* KhoaPham-Buoi9-ButtonLight-Ex.app */ = {isa = PBXFileReference; explicitFileType = wrapper.application; includeInIndex = 0; path = "KhoaPham-Buoi9-ButtonLight-Ex.app"; sourceTree = BUILT_PRODUCTS_DIR; };
		4A43F12B1BDEB95D0043B3B8 /* AppDelegate.swift */ = {isa = PBXFileReference; lastKnownFileType = sourcecode.swift; path = AppDelegate.swift; sourceTree = "<group>"; };
		4A43F12D1BDEB95D0043B3B8 /* ViewController.swift */ = {isa = PBXFileReference; lastKnownFileType = sourcecode.swift; path = ViewController.swift; sourceTree = "<group>"; };
		4A43F1301BDEB95E0043B3B8 /* Base */ = {isa = PBXFileReference; lastKnownFileType = file.storyboard; name = Base; path = Base.lproj/Main.storyboard; sourceTree = "<group>"; };
		4A43F1321BDEB95E0043B3B8 /* Assets.xcassets */ = {isa = PBXFileReference; lastKnownFileType = folder.assetcatalog; path = Assets.xcassets; sourceTree = "<group>"; };
		4A43F1351BDEB95E0043B3B8 /* Base */ = {isa = PBXFileReference; lastKnownFileType = file.storyboard; name = Base; path = Base.lproj/LaunchScreen.storyboard; sourceTree = "<group>"; };
		4A43F1371BDEB95F0043B3B8 /* Info.plist */ = {isa = PBXFileReference; lastKnownFileType = text.plist.xml; path = Info.plist; sourceTree = "<group>"; };
/* End PBXFileReference section */

/* Begin PBXFrameworksBuildPhase section */
		4A43F1251BDEB95C0043B3B8 /* Frameworks */ = {
			isa = PBXFrameworksBuildPhase;
			buildActionMask = 2147483647;
			files = (
			);
			runOnlyForDeploymentPostprocessing = 0;
		};
/* End PBXFrameworksBuildPhase section */

/* Begin PBXGroup section */
		4A43F11F1BDEB95C0043B3B8 = {
			isa = PBXGroup;
			children = (
				4A43F12A1BDEB95D0043B3B8 /* KhoaPham-Buoi9-ButtonLight-Ex */,
				4A43F1291BDEB95C0043B3B8 /* Products */,
			);
			sourceTree = "<group>";
		};
		4A43F1291BDEB95C0043B3B8 /* Products */ = {
			isa = PBXGroup;
			children = (
				4A43F1281BDEB95C0043B3B8 /* KhoaPham-Buoi9-ButtonLight-Ex.app */,
			);
			name = Products;
			sourceTree = "<group>";
		};
		4A43F12A1BDEB95D0043B3B8 /* KhoaPham-Buoi9-ButtonLight-Ex */ = {
			isa = PBXGroup;
			children = (
				4A43F12B1BDEB95D0043B3B8 /* AppDelegate.swift */,
				4A43F12D1BDEB95D0043B3B8 /* ViewController.swift */,
				4A43F12F1BDEB95E0043B3B8 /* Main.storyboard */,
				4A43F1321BDEB95E0043B3B8 /* Assets.xcassets */,
				4A43F1341BDEB95E0043B3B8 /* LaunchScreen.storyboard */,
				4A43F1371BDEB95F0043B3B8 /* Info.plist */,
			);
			name = "KhoaPham-Buoi9-ButtonLight-Ex";
			path = "khoapham-buoi9-buttonlight";
			sourceTree = "<group>";
		};
/* End PBXGroup section */

/* Begin PBXNativeTarget section */
		4A43F1271BDEB95C0043B3B8 /* KhoaPham-Buoi9-ButtonLight-Ex */ = {
			isa = PBXNativeTarget;
			buildConfigurationList = 4A43F13A1BDEB95F0043B3B8 /* Build configuration list for PBXNativeTarget "KhoaPham-Buoi9-ButtonLight-Ex" */;
			buildPhases = (
				4A43F1241BDEB95C0043B3B8 /* Sources */,
				4A43F1251BDEB95C0043B3B8 /* Frameworks */,
				4A43F1261BDEB95C0043B3B8 /* Resources */,
			);
			buildRules = (
			);
			dependencies = (
			);
			name = "KhoaPham-Buoi9-ButtonLight-Ex";
			productName = "khoapham-buoi9-buttonlight";
			productReference = 4A43F1281BDEB95C0043B3B8 /* KhoaPham-Buoi9-ButtonLight-Ex.app */;
			productType = "com.apple.product-type.application";
		};
/* End PBXNativeTarget section */

/* Begin PBXProject section */
		4A43F1201BDEB95C0043B3B8 /* Project object */ = {
			isa = PBXProject;
			attributes = {
				LastUpgradeCheck = 0700;
				ORGANIZATIONNAME = HuyHuynh;
				TargetAttributes = {
					4A43F1271BDEB95C0043B3B8 = {
						CreatedOnToolsVersion = 7.0.1;
						DevelopmentTeam = AL27CJ8536;
					};
				};
			};
			buildConfigurationList = 4A43F1231BDEB95C0043B3B8 /* Build configuration list for PBXProject "KhoaPham-Buoi9-ButtonLight-Ex" */;
			compatibilityVersion = "Xcode 3.2";
			developmentRegion = English;
			hasScannedForEncodings = 0;
			knownRegions = (
				en,
				Base,
			);
			mainGroup = 4A43F11F1BDEB95C0043B3B8;
			productRefGroup = 4A43F1291BDEB95C0043B3B8 /* Products */;
			projectDirPath = "";
			projectRoot = "";
			targets = (
				4A43F1271BDEB95C0043B3B8 /* KhoaPham-Buoi9-ButtonLight-Ex */,
			);
		};
/* End PBXProject section */

/* Begin PBXResourcesBuildPhase section */
		4A43F1261BDEB95C0043B3B8 /* Resources */ = {
			isa = PBXResourcesBuildPhase;
			buildActionMask = 2147483647;
			files = (
				4A43F1361BDEB95E0043B3B8 /* LaunchScreen.storyboard in Resources */,
				4A43F1331BDEB95E0043B3B8 /* Assets.xcassets in Resources */,
				4A43F1311BDEB95E0043B3B8 /* Main.storyboard in Resources */,
			);
			runOnlyForDeploymentPostprocessing = 0;
		};
/* End PBXResourcesBuildPhase section */

/* Begin PBXSourcesBuildPhase section */
		4A43F1241BDEB95C0043B3B8 /* Sources */ = {
			isa = PBXSourcesBuildPhase;
			buildActionMask = 2147483647;
			files = (
				4A43F12E1BDEB95D0043B3B8 /* ViewController.swift in Sources */,
				4A43F12C1BDEB95D0043B3B8 /* AppDelegate.swift in Sources */,
			);
			runOnlyForDeploymentPostprocessing = 0;
		};
/* End PBXSourcesBuildPhase section */

/* Begin PBXVariantGroup section */
		4A43F12F1BDEB95E0043B3B8 /* Main.storyboard */ = {
			isa = PBXVariantGroup;
			children = (
				4A43F1301BDEB95E0043B3B8 /* Base */,
			);
			name = Main.storyboard;
			sourceTree = "<group>";
		};
		4A43F1341BDEB95E0043B3B8 /* LaunchScreen.storyboard */ = {
			isa = PBXVariantGroup;
			children = (
				4A43F1351BDEB95E0043B3B8 /* Base */,
			);
			name = LaunchScreen.storyboard;
			sourceTree = "<group>";
		};
/* End PBXVariantGroup section */

/* Begin XCBuildConfiguration section */
		4A43F1381BDEB95F0043B3B8 /* Debug */ = {
			isa = XCBuildConfiguration;
			buildSettings = {
				ALWAYS_SEARCH_USER_PATHS = NO;
				CLANG_CXX_LANGUAGE_STANDARD = "gnu++0x";
				CLANG_CXX_LIBRARY = "libc++";
				CLANG_ENABLE_MODULES = YES;
				CLANG_ENABLE_OBJC_ARC = YES;
				CLANG_WARN_BOOL_CONVERSION = YES;
				CLANG_WARN_CONSTANT_CONVERSION = YES;
				CLANG_WARN_DIRECT_OBJC_ISA_USAGE = YES_ERROR;
				CLANG_WARN_EMPTY_BODY = YES;
				CLANG_WARN_ENUM_CONVERSION = YES;
				CLANG_WARN_INT_CONVERSION = YES;
				CLANG_WARN_OBJC_ROOT_CLASS = YES_ERROR;
				CLANG_WARN_UNREACHABLE_CODE = YES;
				CLANG_WARN__DUPLICATE_METHOD_MATCH = YES;
				"CODE_SIGN_IDENTITY[sdk=iphoneos*]" = "iPhone Developer";
				COPY_PHASE_STRIP = NO;
				DEBUG_INFORMATION_FORMAT = dwarf;
				ENABLE_STRICT_OBJC_MSGSEND = YES;
				ENABLE_TESTABILITY = YES;
				GCC_C_LANGUAGE_STANDARD = gnu99;
				GCC_DYNAMIC_NO_PIC = NO;
				GCC_NO_COMMON_BLOCKS = YES;
				GCC_OPTIMIZATION_LEVEL = 0;
				GCC_PREPROCESSOR_DEFINITIONS = (
					"DEBUG=1",
					"$(inherited)",
				);
				GCC_WARN_64_TO_32_BIT_CONVERSION = YES;
				GCC_WARN_ABOUT_RETURN_TYPE = YES_ERROR;
				GCC_WARN_UNDECLARED_SELECTOR = YES;
				GCC_WARN_UNINITIALIZED_AUTOS = YES_AGGRESSIVE;
				GCC_WARN_UNUSED_FUNCTION = YES;
				GCC_WARN_UNUSED_VARIABLE = YES;
				IPHONEOS_DEPLOYMENT_TARGET = 9.0;
				MTL_ENABLE_DEBUG_INFO = YES;
				ONLY_ACTIVE_ARCH = YES;
				SDKROOT = iphoneos;
				SWIFT_OPTIMIZATION_LEVEL = "-Onone";
				TARGETED_DEVICE_FAMILY = "1,2";
			};
			name = Debug;
		};
		4A43F1391BDEB95F0043B3B8 /* Release */ = {
			isa = XCBuildConfiguration;
			buildSettings = {
				ALWAYS_SEARCH_USER_PATHS = NO;
				CLANG_CXX_LANGUAGE_STANDARD = "gnu++0x";
				CLANG_CXX_LIBRARY = "libc++";
				CLANG_ENABLE_MODULES = YES;
				CLANG_ENABLE_OBJC_ARC = YES;
				CLANG_WARN_BOOL_CONVERSION = YES;
				CLANG_WARN_CONSTANT_CONVERSION = YES;
				CLANG_WARN_DIRECT_OBJC_ISA_USAGE = YES_ERROR;
				CLANG_WARN_EMPTY_BODY = YES;
				CLANG_WARN_ENUM_CONVERSION = YES;
				CLANG_WARN_INT_CONVERSION = YES;
				CLANG_WARN_OBJC_ROOT_CLASS = YES_ERROR;
				CLANG_WARN_UNREACHABLE_CODE = YES;
				CLANG_WARN__DUPLICATE_METHOD_MATCH = YES;
				"CODE_SIGN_IDENTITY[sdk=iphoneos*]" = "iPhone Developer";
				COPY_PHASE_STRIP = NO;
				DEBUG_INFORMATION_FORMAT = "dwarf-with-dsym";
				ENABLE_NS_ASSERTIONS = NO;
				ENABLE_STRICT_OBJC_MSGSEND = YES;
				GCC_C_LANGUAGE_STANDARD = gnu99;
				GCC_NO_COMMON_BLOCKS = YES;
				GCC_WARN_64_TO_32_BIT_CONVERSION = YES;
				GCC_WARN_ABOUT_RETURN_TYPE = YES_ERROR;
				GCC_WARN_UNDECLARED_SELECTOR = YES;
				GCC_WARN_UNINITIALIZED_AUTOS = YES_AGGRESSIVE;
				GCC_WARN_UNUSED_FUNCTION = YES;
				GCC_WARN_UNUSED_VARIABLE = YES;
				IPHONEOS_DEPLOYMENT_TARGET = 9.0;
				MTL_ENABLE_DEBUG_INFO = NO;
				SDKROOT = iphoneos;
				TARGETED_DEVICE_FAMILY = "1,2";
				VALIDATE_PRODUCT = YES;
			};
			name = Release;
		};
		4A43F13B1BDEB95F0043B3B8 /* Debug */ = {
			isa = XCBuildConfiguration;
			buildSettings = {
				ASSETCATALOG_COMPILER_APPICON_NAME = AppIcon;
				INFOPLIST_FILE = "khoapham-buoi9-buttonlight/Info.plist";
				LD_RUNPATH_SEARCH_PATHS = "$(inherited) @executable_path/Frameworks";
				PRODUCT_BUNDLE_IDENTIFIER = "com.huyhuynh.khoapham-buoi9-buttonlight";
				PRODUCT_NAME = "KhoaPham-Buoi9-ButtonLight-Ex";
			};
			name = Debug;
		};
		4A43F13C1BDEB95F0043B3B8 /* Release */ = {
			isa = XCBuildConfiguration;
			buildSettings = {
				ASSETCATALOG_COMPILER_APPICON_NAME = AppIcon;
				INFOPLIST_FILE = "khoapham-buoi9-buttonlight/Info.plist";
				LD_RUNPATH_SEARCH_PATHS = "$(inherited) @executable_path/Frameworks";
				PRODUCT_BUNDLE_IDENTIFIER = "com.huyhuynh.khoapham-buoi9-buttonlight";
				PRODUCT_NAME = "KhoaPham-Buoi9-ButtonLight-Ex";
			};
			name = Release;
		};
/* End XCBuildConfiguration section */

/* Begin XCConfigurationList section */
		4A43F1231BDEB95C0043B3B8 /* Build configuration list for PBXProject "KhoaPham-Buoi9-ButtonLight-Ex" */ = {
			isa = XCConfigurationList;
			buildConfigurations = (
				4A43F1381BDEB95F0043B3B8 /* Debug */,
				4A43F1391BDEB95F0043B3B8 /* Release */,
			);
			defaultConfigurationIsVisible = 0;
			defaultConfigurationName = Release;
		};
		4A43F13A1BDEB95F0043B3B8 /* Build configuration list for PBXNativeTarget "KhoaPham-Buoi9-ButtonLight-Ex" */ = {
			isa = XCConfigurationList;
			buildConfigurations = (
				4A43F13B1BDEB95F0043B3B8 /* Debug */,
				4A43F13C1BDEB95F0043B3B8 /* Release */,
			);
			defaultConfigurationIsVisible = 0;
			defaultConfigurationName = Release;
		};
/* End XCConfigurationList section */
	};
	rootObject = 4A43F1201BDEB95C0043B3B8 /* Project object */;
}
